{
  "name": "e-commerce",
  "lockfileVersion": 3,
  "requires": true,
  "packages": {
    "": {
      "dependencies": {
        "@tanstack/react-query": "^5.75.7"
      }
    },
    "node_modules/@tanstack/query-core": {
      "version": "5.75.7",
      "resolved": "https://registry.npmjs.org/@tanstack/query-core/-/query-core-5.75.7.tgz",
      "integrity": "sha512-4BHu0qnxUHOSnTn3ow9fIoBKTelh0GY08yn1IO9cxjBTsGvnxz1ut42CHZqUE3Vl/8FAjcHsj8RNJMoXvjgHEA==",
      "license": "MIT",
      "funding": {
        "type": "github",
        "url": "https://github.com/sponsors/tannerlinsley"
      }
    },
    "node_modules/@tanstack/react-query": {
      "version": "5.75.7",
      "resolved": "https://registry.npmjs.org/@tanstack/react-query/-/react-query-5.75.7.tgz",
      "integrity": "sha512-JYcH1g5pNjKXNQcvvnCU/PueaYg05uKBDHlWIyApspv7r5C0BM12n6ysa2QF2T+1tlPnNXOob8vr8o96Nx0GxQ==",
      "license": "MIT",
      "dependencies": {
        "@tanstack/query-core": "5.75.7"
      },
      "funding": {
        "type": "github",
        "url": "https://github.com/sponsors/tannerlinsley"
      },
      "peerDependencies": {
        "react": "^18 || ^19"
      }
    },
    "node_modules/react": {
      "version": "19.1.0",
      "resolved": "https://registry.npmjs.org/react/-/react-19.1.0.tgz",
      "integrity": "sha512-FS+XFBNvn3GTAWq26joslQgWNoFu08F4kl0J4CgdNKADkdSGXQyTCnKteIAJy96Br6YbpEU1LSzV5dYtjMkMDg==",
      "license": "MIT",
      "peer": true,
      "engines": {
        "node": ">=0.10.0"
      }
    }
  }
}
